// !$*UTF8*$!
{
	archiveVersion = 1;
	classes = {
	};
	objectVersion = 50;
	objects = {

/* Begin PBXBuildFile section */
		A50F2F5521B645CE00165126 /* a16_2.cpp in Sources */ = {isa = PBXBuildFile; fileRef = A50F2F5421B645CE00165126 /* a16_2.cpp */; };
		A50F2F6721B66E6300165126 /* main.cpp in Sources */ = {isa = PBXBuildFile; fileRef = A50F2F6621B66E6300165126 /* main.cpp */; };
		A50F2F6D21B66E8E00165126 /* mystring.cpp in Sources */ = {isa = PBXBuildFile; fileRef = A50F2F6B21B66E8E00165126 /* mystring.cpp */; };
/* End PBXBuildFile section */

/* Begin PBXCopyFilesBuildPhase section */
		A50F2F4F21B645CE00165126 /* CopyFiles */ = {
			isa = PBXCopyFilesBuildPhase;
			buildActionMask = 2147483647;
			dstPath = /usr/share/man/man1/;
			dstSubfolderSpec = 0;
			files = (
			);
			runOnlyForDeploymentPostprocessing = 1;
		};
		A50F2F6221B66E6300165126 /* CopyFiles */ = {
			isa = PBXCopyFilesBuildPhase;
			buildActionMask = 2147483647;
			dstPath = /usr/share/man/man1/;
			dstSubfolderSpec = 0;
			files = (
			);
			runOnlyForDeploymentPostprocessing = 1;
		};
/* End PBXCopyFilesBuildPhase section */

/* Begin PBXFileReference section */
		A50F2F5121B645CE00165126 /* a16_2.cpp */ = {isa = PBXFileReference; explicitFileType = "compiled.mach-o.executable"; includeInIndex = 0; name = a16_2.cpp; path = /Users/baobao/Desktop/CIS_278/a16/a16_2.cpp/build/Debug/a16_2.cpp; sourceTree = "<absolute>"; };
		A50F2F5421B645CE00165126 /* a16_2.cpp */ = {isa = PBXFileReference; lastKnownFileType = sourcecode.cpp.cpp; path = a16_2.cpp; sourceTree = "<group>"; };
		A50F2F6421B66E6300165126 /* multi_target */ = {isa = PBXFileReference; explicitFileType = "compiled.mach-o.executable"; includeInIndex = 0; name = multi_target; path = /Users/baobao/Desktop/CIS_278/a16/a16_2.cpp/build/Debug/multi_target; sourceTree = "<absolute>"; };
		A50F2F6621B66E6300165126 /* main.cpp */ = {isa = PBXFileReference; lastKnownFileType = sourcecode.cpp.cpp; path = main.cpp; sourceTree = "<group>"; };
		A50F2F6B21B66E8E00165126 /* mystring.cpp */ = {isa = PBXFileReference; lastKnownFileType = sourcecode.cpp.cpp; name = mystring.cpp; path = "untitled folder/mystring.cpp"; sourceTree = "<group>"; };
		A50F2F6C21B66E8E00165126 /* mystring.h */ = {isa = PBXFileReference; lastKnownFileType = sourcecode.c.h; name = mystring.h; path = "untitled folder/mystring.h"; sourceTree = "<group>"; };
/* End PBXFileReference section */

/* Begin PBXFrameworksBuildPhase section */
		A50F2F4E21B645CE00165126 /* Frameworks */ = {
			isa = PBXFrameworksBuildPhase;
			buildActionMask = 2147483647;
			files = (
			);
			runOnlyForDeploymentPostprocessing = 0;
		};
		A50F2F6121B66E6300165126 /* Frameworks */ = {
			isa = PBXFrameworksBuildPhase;
			buildActionMask = 2147483647;
			files = (
			);
			runOnlyForDeploymentPostprocessing = 0;
		};
/* End PBXFrameworksBuildPhase section */

/* Begin PBXGroup section */
		A50F2F4821B645CE00165126 = {
			isa = PBXGroup;
			children = (
				A50F2F5321B645CE00165126 /* a16_2.cpp */,
				A50F2F6521B66E6300165126 /* multi_target */,
			);
			sourceTree = "<group>";
		};
		A50F2F5321B645CE00165126 /* a16_2.cpp */ = {
			isa = PBXGroup;
			children = (
				A50F2F5421B645CE00165126 /* a16_2.cpp */,
				A50F2F6B21B66E8E00165126 /* mystring.cpp */,
				A50F2F6C21B66E8E00165126 /* mystring.h */,
			);
			path = a16_2.cpp;
			sourceTree = "<group>";
		};
		A50F2F6521B66E6300165126 /* multi_target */ = {
			isa = PBXGroup;
			children = (
				A50F2F6621B66E6300165126 /* main.cpp */,
			);
			path = multi_target;
			sourceTree = "<group>";
		};
/* End PBXGroup section */

/* Begin PBXNativeTarget section */
		A50F2F5021B645CE00165126 /* a16_2.cpp */ = {
			isa = PBXNativeTarget;
			buildConfigurationList = A50F2F5821B645CE00165126 /* Build configuration list for PBXNativeTarget "a16_2.cpp" */;
			buildPhases = (
				A50F2F4D21B645CE00165126 /* Sources */,
				A50F2F4E21B645CE00165126 /* Frameworks */,
				A50F2F4F21B645CE00165126 /* CopyFiles */,
			);
			buildRules = (
			);
			dependencies = (
			);
			name = a16_2.cpp;
			productName = a16_2.cpp;
			productReference = A50F2F5121B645CE00165126 /* a16_2.cpp */;
			productType = "com.apple.product-type.tool";
		};
		A50F2F6321B66E6300165126 /* multi_target */ = {
			isa = PBXNativeTarget;
			buildConfigurationList = A50F2F6821B66E6300165126 /* Build configuration list for PBXNativeTarget "multi_target" */;
			buildPhases = (
				A50F2F6021B66E6300165126 /* Sources */,
				A50F2F6121B66E6300165126 /* Frameworks */,
				A50F2F6221B66E6300165126 /* CopyFiles */,
			);
			buildRules = (
			);
			dependencies = (
			);
			name = multi_target;
			productName = multi_target;
			productReference = A50F2F6421B66E6300165126 /* multi_target */;
			productType = "com.apple.product-type.tool";
		};
/* End PBXNativeTarget section */

/* Begin PBXProject section */
		A50F2F4921B645CE00165126 /* Project object */ = {
			isa = PBXProject;
			attributes = {
				LastUpgradeCheck = 0940;
				ORGANIZATIONNAME = "YUCEN CAO";
				TargetAttributes = {
					A50F2F5021B645CE00165126 = {
						CreatedOnToolsVersion = 9.4.1;
					};
					A50F2F6321B66E6300165126 = {
						CreatedOnToolsVersion = 9.4.1;
					};
				};
			};
			buildConfigurationList = A50F2F4C21B645CE00165126 /* Build configuration list for PBXProject "a16_2.cpp" */;
			compatibilityVersion = "Xcode 9.3";
			developmentRegion = en;
			hasScannedForEncodings = 0;
			knownRegions = (
				en,
			);
			mainGroup = A50F2F4821B645CE00165126;
			productRefGroup = A50F2F4821B645CE00165126;
			projectDirPath = "";
			projectRoot = "";
			targets = (
				A50F2F5021B645CE00165126 /* a16_2.cpp */,
				A50F2F6321B66E6300165126 /* multi_target */,
			);
		};
/* End PBXProject section */

/* Begin PBXSourcesBuildPhase section */
		A50F2F4D21B645CE00165126 /* Sources */ = {
			isa = PBXSourcesBuildPhase;
			buildActionMask = 2147483647;
			files = (
				A50F2F5521B645CE00165126 /* a16_2.cpp in Sources */,
				A50F2F6D21B66E8E00165126 /* mystring.cpp in Sources */,
			);
			runOnlyForDeploymentPostprocessing = 0;
		};
		A50F2F6021B66E6300165126 /* Sources */ = {
			isa = PBXSourcesBuildPhase;
			buildActionMask = 2147483647;
			files = (
				A50F2F6721B66E6300165126 /* main.cpp in Sources */,
			);
			runOnlyForDeploymentPostprocessing = 0;
		};
/* End PBXSourcesBuildPhase section */

/* Begin XCBuildConfiguration section */
		A50F2F5621B645CE00165126 /* Debug */ = {
			isa = XCBuildConfiguration;
			buildSettings = {
				ALWAYS_SEARCH_USER_PATHS = NO;
				CLANG_ANALYZER_NONNULL = YES;
				CLANG_ANALYZER_NUMBER_OBJECT_CONVERSION = YES_AGGRESSIVE;
				CLANG_CXX_LANGUAGE_STANDARD = "gnu++14";
				CLANG_CXX_LIBRARY = "libc++";
				CLANG_ENABLE_MODULES = YES;
				CLANG_ENABLE_OBJC_ARC = YES;
				CLANG_ENABLE_OBJC_WEAK = YES;
				CLANG_WARN_BLOCK_CAPTURE_AUTORELEASING = YES;
				CLANG_WARN_BOOL_CONVERSION = YES;
				CLANG_WARN_COMMA = YES;
				CLANG_WARN_CONSTANT_CONVERSION = YES;
				CLANG_WARN_DEPRECATED_OBJC_IMPLEMENTATIONS = YES;
				CLANG_WARN_DIRECT_OBJC_ISA_USAGE = YES_ERROR;
				CLANG_WARN_DOCUMENTATION_COMMENTS = YES;
				CLANG_WARN_EMPTY_BODY = YES;
				CLANG_WARN_ENUM_CONVERSION = YES;
				CLANG_WARN_INFINITE_RECURSION = YES;
				CLANG_WARN_INT_CONVERSION = YES;
				CLANG_WARN_NON_LITERAL_NULL_CONVERSION = YES;
				CLANG_WARN_OBJC_IMPLICIT_RETAIN_SELF = YES;
				CLANG_WARN_OBJC_LITERAL_CONVERSION = YES;
				CLANG_WARN_OBJC_ROOT_CLASS = YES_ERROR;
				CLANG_WARN_RANGE_LOOP_ANALYSIS = YES;
				CLANG_WARN_STRICT_PROTOTYPES = YES;
				CLANG_WARN_SUSPICIOUS_MOVE = YES;
				CLANG_WARN_UNGUARDED_AVAILABILITY = YES_AGGRESSIVE;
				CLANG_WARN_UNREACHABLE_CODE = YES;
				CLANG_WARN__DUPLICATE_METHOD_MATCH = YES;
				CODE_SIGN_IDENTITY = "-";
				COPY_PHASE_STRIP = NO;
				DEBUG_INFORMATION_FORMAT = dwarf;
				ENABLE_STRICT_OBJC_MSGSEND = YES;
				ENABLE_TESTABILITY = YES;
				GCC_C_LANGUAGE_STANDARD = gnu11;
				GCC_DYNAMIC_NO_PIC = NO;
				GCC_NO_COMMON_BLOCKS = YES;
				GCC_OPTIMIZATION_LEVEL = 0;
				GCC_PREPROCESSOR_DEFINITIONS = (
					"DEBUG=1",
					"$(inherited)",
				);
				GCC_WARN_64_TO_32_BIT_CONVERSION = YES;
				GCC_WARN_ABOUT_RETURN_TYPE = YES_ERROR;
				GCC_WARN_UNDECLARED_SELECTOR = YES;
				GCC_WARN_UNINITIALIZED_AUTOS = YES_AGGRESSIVE;
				GCC_WARN_UNUSED_FUNCTION = YES;
				GCC_WARN_UNUSED_VARIABLE = YES;
				MACOSX_DEPLOYMENT_TARGET = 10.13;
				MTL_ENABLE_DEBUG_INFO = YES;
				ONLY_ACTIVE_ARCH = YES;
				SDKROOT = macosx;
			};
			name = Debug;
		};
		A50F2F5721B645CE00165126 /* Release */ = {
			isa = XCBuildConfiguration;
			buildSettings = {
				ALWAYS_SEARCH_USER_PATHS = NO;
				CLANG_ANALYZER_NONNULL = YES;
				CLANG_ANALYZER_NUMBER_OBJECT_CONVERSION = YES_AGGRESSIVE;
				CLANG_CXX_LANGUAGE_STANDARD = "gnu++14";
				CLANG_CXX_LIBRARY = "libc++";
				CLANG_ENABLE_MODULES = YES;
				CLANG_ENABLE_OBJC_ARC = YES;
				CLANG_ENABLE_OBJC_WEAK = YES;
				CLANG_WARN_BLOCK_CAPTURE_AUTORELEASING = YES;
				CLANG_WARN_BOOL_CONVERSION = YES;
				CLANG_WARN_COMMA = YES;
				CLANG_WARN_CONSTANT_CONVERSION = YES;
				CLANG_WARN_DEPRECATED_OBJC_IMPLEMENTATIONS = YES;
				CLANG_WARN_DIRECT_OBJC_ISA_USAGE = YES_ERROR;
				CLANG_WARN_DOCUMENTATION_COMMENTS = YES;
				CLANG_WARN_EMPTY_BODY = YES;
				CLANG_WARN_ENUM_CONVERSION = YES;
				CLANG_WARN_INFINITE_RECURSION = YES;
				CLANG_WARN_INT_CONVERSION = YES;
				CLANG_WARN_NON_LITERAL_NULL_CONVERSION = YES;
				CLANG_WARN_OBJC_IMPLICIT_RETAIN_SELF = YES;
				CLANG_WARN_OBJC_LITERAL_CONVERSION = YES;
				CLANG_WARN_OBJC_ROOT_CLASS = YES_ERROR;
				CLANG_WARN_RANGE_LOOP_ANALYSIS = YES;
				CLANG_WARN_STRICT_PROTOTYPES = YES;
				CLANG_WARN_SUSPICIOUS_MOVE = YES;
				CLANG_WARN_UNGUARDED_AVAILABILITY = YES_AGGRESSIVE;
				CLANG_WARN_UNREACHABLE_CODE = YES;
				CLANG_WARN__DUPLICATE_METHOD_MATCH = YES;
				CODE_SIGN_IDENTITY = "-";
				COPY_PHASE_STRIP = NO;
				DEBUG_INFORMATION_FORMAT = "dwarf-with-dsym";
				ENABLE_NS_ASSERTIONS = NO;
				ENABLE_STRICT_OBJC_MSGSEND = YES;
				GCC_C_LANGUAGE_STANDARD = gnu11;
				GCC_NO_COMMON_BLOCKS = YES;
				GCC_WARN_64_TO_32_BIT_CONVERSION = YES;
				GCC_WARN_ABOUT_RETURN_TYPE = YES_ERROR;
				GCC_WARN_UNDECLARED_SELECTOR = YES;
				GCC_WARN_UNINITIALIZED_AUTOS = YES_AGGRESSIVE;
				GCC_WARN_UNUSED_FUNCTION = YES;
				GCC_WARN_UNUSED_VARIABLE = YES;
				MACOSX_DEPLOYMENT_TARGET = 10.13;
				MTL_ENABLE_DEBUG_INFO = NO;
				SDKROOT = macosx;
			};
			name = Release;
		};
		A50F2F5921B645CE00165126 /* Debug */ = {
			isa = XCBuildConfiguration;
			buildSettings = {
				CODE_SIGN_STYLE = Automatic;
				PRODUCT_NAME = "$(TARGET_NAME)";
			};
			name = Debug;
		};
		A50F2F5A21B645CE00165126 /* Release */ = {
			isa = XCBuildConfiguration;
			buildSettings = {
				CODE_SIGN_STYLE = Automatic;
				PRODUCT_NAME = "$(TARGET_NAME)";
			};
			name = Release;
		};
		A50F2F6921B66E6300165126 /* Debug */ = {
			isa = XCBuildConfiguration;
			buildSettings = {
				CODE_SIGN_STYLE = Automatic;
				PRODUCT_NAME = "$(TARGET_NAME)";
			};
			name = Debug;
		};
		A50F2F6A21B66E6300165126 /* Release */ = {
			isa = XCBuildConfiguration;
			buildSettings = {
				CODE_SIGN_STYLE = Automatic;
				PRODUCT_NAME = "$(TARGET_NAME)";
			};
			name = Release;
		};
/* End XCBuildConfiguration section */

/* Begin XCConfigurationList section */
		A50F2F4C21B645CE00165126 /* Build configuration list for PBXProject "a16_2.cpp" */ = {
			isa = XCConfigurationList;
			buildConfigurations = (
				A50F2F5621B645CE00165126 /* Debug */,
				A50F2F5721B645CE00165126 /* Release */,
			);
			defaultConfigurationIsVisible = 0;
			defaultConfigurationName = Release;
		};
		A50F2F5821B645CE00165126 /* Build configuration list for PBXNativeTarget "a16_2.cpp" */ = {
			isa = XCConfigurationList;
			buildConfigurations = (
				A50F2F5921B645CE00165126 /* Debug */,
				A50F2F5A21B645CE00165126 /* Release */,
			);
			defaultConfigurationIsVisible = 0;
			defaultConfigurationName = Release;
		};
		A50F2F6821B66E6300165126 /* Build configuration list for PBXNativeTarget "multi_target" */ = {
			isa = XCConfigurationList;
			buildConfigurations = (
				A50F2F6921B66E6300165126 /* Debug */,
				A50F2F6A21B66E6300165126 /* Release */,
			);
			defaultConfigurationIsVisible = 0;
			defaultConfigurationName = Release;
		};
/* End XCConfigurationList section */
	};
	rootObject = A50F2F4921B645CE00165126 /* Project object */;
}
